{
  "version": 4,
  "terraform_version": "0.12.21",
  "serial": 484,
  "lineage": "51865fe1-8f87-540f-3e39-7cd1d88222e2",
  "outputs": {},
  "resources": [
    {
      "mode": "data",
      "type": "template_file",
      "name": "jumpbox_userdata",
      "provider": "provider.template",
      "instances": [
        {
          "schema_version": 0,
          "attributes": {
            "filename": null,
            "id": "a71ccf56876633fe0e877bb057e465792102f35b144bf12c886b42826e7f3e63",
            "rendered": "#cloud-config\nusers:\n  - default\n  - name: aviadmin\n    lock_passwd: true\n    shell: /bin/bash\n    sudo:  ALL=(ALL) NOPASSWD:ALL\n    chpasswd: {expire: False}\n    ssh_authorized_keys:\n      - ssh-rsa AAAAB3NzaC1yc2EAAAADAQABAAABAQCyaH3mGpgloL2gUvpPyCi0EshNF2hIHhp3U528Vb6t5890kZX0nzYtThM48fRLCL8F992yTvldV0hLU5vWhc9Stth5hduYs4oDp1lWAAXy14tFdTjoSufp3mxmeeVE7jCsdB+1umzpsebcykn5U9CsSQaaHBzdoreVifNLgmBCSsVdwdGLxPDNchA1FfbGbcpb+CjLXk1Un6Kh/RoheNQa5VvRu3V8uL35TTC9cSK4dqxYIAI2zqLHRIRXzmNlwnbKHls49P+QSugCU/WBtJXnyjzeTbmcz3f7pF6aBeSEtHUgCBOzfy8YYow60cy+JumGwgLFKPPtO2xwGyVNeW9d\n\n\nchpasswd:\n  list: |\n    ubuntu: $password\n    aviadmin: $password\n  expire: False\n\npackages:\n  - language-pack-en\n\nwrite_files:\n  - content: |\n      #!/bin/sh\n      host_name=`echo jumpbox.pod.lab | cut -d. -f1`\n      domain_name=`echo jumpbox.pod.lab | cut -d. -f2,3`\n      hostnamectl set-hostname --static jumpbox.pod.lab\n      echo 'preserve_hostname: true' \u003e\u003e /etc/cloud/cloud.cfg\n      interface=`ip route show | grep default | awk '{print $5}'`\n      ip=`ip address show dev $interface | grep 'inet ' | awk '{print $2}' | cut -d/ -f1`\n      echo \"$ip jumpbox.pod.lab\" \u003e\u003e /etc/hosts\n      touch /tmp/cloud-init.done\n    path: /opt/bootstrap.sh\n    permissions: 0755\n\n  - content: |\n      ubuntu ALL=(ALL) NOPASSWD:ALL\n    path: /etc/sudoers.d/ubuntu\n\nruncmd:\n  - /opt/bootstrap.sh\n",
            "template": "#cloud-config\nusers:\n  - default\n  - name: aviadmin\n    lock_passwd: true\n    shell: /bin/bash\n    sudo:  ALL=(ALL) NOPASSWD:ALL\n    chpasswd: {expire: False}\n    ssh_authorized_keys:\n      - ${pubkey}\n\nchpasswd:\n  list: |\n    ubuntu: $password\n    aviadmin: $password\n  expire: False\n\npackages:\n  - language-pack-en\n\nwrite_files:\n  - content: |\n      #!/bin/sh\n      host_name=`echo ${hostname} | cut -d. -f1`\n      domain_name=`echo ${hostname} | cut -d. -f2,3`\n      hostnamectl set-hostname --static ${hostname}\n      echo 'preserve_hostname: true' \u003e\u003e /etc/cloud/cloud.cfg\n      interface=`ip route show | grep default | awk '{print $5}'`\n      ip=`ip address show dev $interface | grep 'inet ' | awk '{print $2}' | cut -d/ -f1`\n      echo \"$ip ${hostname}\" \u003e\u003e /etc/hosts\n      touch /tmp/cloud-init.done\n    path: /opt/bootstrap.sh\n    permissions: 0755\n\n  - content: |\n      ubuntu ALL=(ALL) NOPASSWD:ALL\n    path: /etc/sudoers.d/ubuntu\n\nruncmd:\n  - /opt/bootstrap.sh\n",
            "vars": {
              "hostname": "jumpbox.pod.lab",
              "password": "AviNetworks123!",
              "pkey": "-----BEGIN RSA PRIVATE KEY-----\nMIIEpQIBAAKCAQEAsmh95hqYJaC9oFL6T8gotBLITRdoSB4ad1OdvFW+refPdJGV\n9J82LU4TOPH0Swi/Bffdsk75XVdIS1Ob1oXPUrbYeYXbmLOKA6dZVgAF8teLRXU4\n6Ern6d5sZnnlRO4wrHQftbps6bHm3MpJ+VPQrEkGmhwc3aK3lYnzS4JgQkrFXcHR\ni8TwzXIQNRX2xm3KW/goy15NVJ+iof0aIXjUGuVb0bt1fLi9+U0wvXEiuHasWCAC\nNs6ix0SEV85jZcJ2yh5bOPT/kEroAlP1gbSV58o83k25nM93+6RemgXkhLR1IAgT\ns38vGGKMOtHMvibphsICxSjz7TtscBslTXlvXQIDAQABAoIBABDMjAZNvMPWReTB\ny3YVt9d06U1xBc28n+tagUDJpiHD8SHdz4vwLe7IKkEzbzhdg3cxZruyegKTBGir\nX8IsaWA1fV67/vh692TurhfN+sFqEGAi8I/W9c1stzJTCgaakxS5/n5jJnw+1yk1\nFxAWF1ERs0BxozovZy/6hGE4zo2PSl2z3VlOsc6o7VV8mD3RztNn89/b6QtsegV9\nq0neiy8Hdj8TapzxXgVIp5kn04aCfM5joGAm5P3qoUyfRMwYDTRyuK/zZ5twQWQm\nlnliwmUZYRJDeWFo3hQZcH6268Ubpr2I0EbdvkqNYKZiahxxEYNG8H/c46aoqsqr\nti0AoAECgYEAwKttGjvwMXNcdvb7T1Su0y4rp6+9xQ6rdpT3vEHmYSfJ8i0ZBLgY\nt+mVx+NV0YFAa+pefbSKcglUPujwg0RW/Zz8iFgg3LWyiUGftpb4zG45To3pZ4IE\nm6qgf8IMFC4Mugp92cIMvvn1O9qg8p97uQk+CjibPH6hFZy3Er17h10CgYEA7Q0B\nlEq6Btsx2Ya0aAn91D19N1CnLH75Ibj8iigCvrfB9gD+IkPGhc5kXN7xWSqu4AYx\naSNsAmlou5yPFE2GIqkhxtHj9cRS5BEPZwiNFbAAxAPKA38h/77YHw4Yff2nXR1G\nSGSbVcOXCfH21hoOdqBCuaq88iaygX/HbxWfCAECgYEAmyUvbLGZP+i6K13EjmQN\nhyYlpxkAAf9HGOzp9GFIhzGID4g7Hi60UNw6bURlpZej7YJDZowL87oJacMfcUSF\nnCFexNfaVn/FbXs3hctaOxwC73uc2Gm9FjC2n0n9ef5+5wxtvPziUKJs1C6/7b94\n3E5R898TOgpp4kJYtTF5mE0CgYEAsk9TPcnMDrY41Chocc36OfkaxE4NwgGswroU\ndJPOJMmyw6pRf1K99Q6gHd+xaeIacvcVmcGEUHgbyOvmEF6UJGRWvOhK8iaAN3/B\ntz4Oah7fJJK5FVI/L9HNXebLc5Imn3sS0AeldKjQZzGz+67T7FV2e5S71eZX5eNJ\nD/0SiAECgYEAo6ZPFIFIiLt0TKehtS8ZoQ96shKfvgFekswSQLun+AVmm7Da9xbb\nQMJ4up/JK2JVIezog+h6E7xhZXUE8t2v+K9KJ/CzRhm3EbmvF7+UBevOJVUTCltd\nJekN1l/mSYh0kBClrqZOFp87VScFMSWR5GmuGsdY8pJi4DiSX/J7xyE=\n-----END RSA PRIVATE KEY-----\n",
              "pubkey": "ssh-rsa AAAAB3NzaC1yc2EAAAADAQABAAABAQCyaH3mGpgloL2gUvpPyCi0EshNF2hIHhp3U528Vb6t5890kZX0nzYtThM48fRLCL8F992yTvldV0hLU5vWhc9Stth5hduYs4oDp1lWAAXy14tFdTjoSufp3mxmeeVE7jCsdB+1umzpsebcykn5U9CsSQaaHBzdoreVifNLgmBCSsVdwdGLxPDNchA1FfbGbcpb+CjLXk1Un6Kh/RoheNQa5VvRu3V8uL35TTC9cSK4dqxYIAI2zqLHRIRXzmNlwnbKHls49P+QSugCU/WBtJXnyjzeTbmcz3f7pF6aBeSEtHUgCBOzfy8YYow60cy+JumGwgLFKPPtO2xwGyVNeW9d\n"
            }
          }
        }
      ]
    },
    {
      "mode": "data",
      "type": "vsphere_compute_cluster",
      "name": "compute_cluster",
      "provider": "provider.vsphere",
      "instances": [
        {
          "schema_version": 0,
          "attributes": {
            "datacenter_id": "datacenter-21",
            "id": "domain-c39",
            "name": "wdc-06-vc10c01",
            "resource_pool_id": "resgroup-40"
          }
        }
      ]
    },
    {
      "mode": "data",
      "type": "vsphere_datacenter",
      "name": "dc",
      "provider": "provider.vsphere",
      "instances": [
        {
          "schema_version": 0,
          "attributes": {
            "id": "datacenter-21",
            "name": "wdc-06-vc10"
          }
        }
      ]
    },
    {
      "mode": "data",
      "type": "vsphere_datastore",
      "name": "datastore",
      "provider": "provider.vsphere",
      "instances": [
        {
          "schema_version": 0,
          "attributes": {
            "datacenter_id": "datacenter-21",
            "id": "datastore-43",
            "name": "wdc-06-vc10c01-vsan"
          }
        }
      ]
    },
    {
      "mode": "data",
      "type": "vsphere_network",
      "name": "network",
      "provider": "provider.vsphere",
      "instances": [
        {
          "schema_version": 0,
          "attributes": {
            "datacenter_id": "datacenter-21",
            "id": "dvportgroup-99",
            "name": "vxw-dvs-34-virtualwire-3-sid-6100002-wdc-06-vc10-avi-mgmt",
            "type": "DistributedVirtualPortgroup"
          }
        }
      ]
    },
    {
      "mode": "data",
      "type": "vsphere_resource_pool",
      "name": "pool",
      "provider": "provider.vsphere",
      "instances": [
        {
          "schema_version": 0,
          "attributes": {
            "datacenter_id": "datacenter-21",
            "id": "resgroup-40",
            "name": "Resources"
          }
        }
      ]
    },
    {
      "mode": "data",
      "type": "vsphere_virtual_machine",
      "name": "controller_template",
      "provider": "provider.vsphere",
      "instances": [
        {
          "schema_version": 0,
          "attributes": {
            "alternate_guest_name": "",
            "datacenter_id": "datacenter-21",
            "disks": [
              {
                "eagerly_scrub": false,
                "size": 128,
                "thin_provisioned": false
              }
            ],
            "firmware": "bios",
            "guest_id": "ubuntu64Guest",
            "guest_ip_addresses": [],
            "id": "4201c394-18ab-7f9e-6333-12c500afe5f4",
            "name": "controller-18.2.6-9134-template",
            "network_interface_types": [
              "vmxnet3"
            ],
            "scsi_bus_sharing": "noSharing",
            "scsi_controller_scan_count": 1,
            "scsi_type": "lsilogic"
          }
        }
      ]
    },
    {
      "mode": "data",
      "type": "vsphere_virtual_machine",
      "name": "jumpbox_template",
      "provider": "provider.vsphere",
      "instances": [
        {
          "schema_version": 0,
          "attributes": {
            "alternate_guest_name": "",
            "datacenter_id": "datacenter-21",
            "disks": [
              {
                "eagerly_scrub": false,
                "size": 10,
                "thin_provisioned": false
              }
            ],
            "firmware": "bios",
            "guest_id": "ubuntu64Guest",
            "guest_ip_addresses": [],
            "id": "420140b8-ec5d-b0ab-c5a5-3a7cd95d9f04",
            "name": "ubuntu-18.04-server-template",
            "network_interface_types": [
              "vmxnet3"
            ],
            "scsi_bus_sharing": "noSharing",
            "scsi_controller_scan_count": 1,
            "scsi_type": "pvscsi"
          }
        }
      ]
    },
    {
      "mode": "managed",
      "type": "local_file",
      "name": "private_key_pem",
      "provider": "provider.local",
      "instances": [
        {
          "schema_version": 0,
          "attributes": {
            "content": "-----BEGIN RSA PRIVATE KEY-----\nMIIEpQIBAAKCAQEAsmh95hqYJaC9oFL6T8gotBLITRdoSB4ad1OdvFW+refPdJGV\n9J82LU4TOPH0Swi/Bffdsk75XVdIS1Ob1oXPUrbYeYXbmLOKA6dZVgAF8teLRXU4\n6Ern6d5sZnnlRO4wrHQftbps6bHm3MpJ+VPQrEkGmhwc3aK3lYnzS4JgQkrFXcHR\ni8TwzXIQNRX2xm3KW/goy15NVJ+iof0aIXjUGuVb0bt1fLi9+U0wvXEiuHasWCAC\nNs6ix0SEV85jZcJ2yh5bOPT/kEroAlP1gbSV58o83k25nM93+6RemgXkhLR1IAgT\ns38vGGKMOtHMvibphsICxSjz7TtscBslTXlvXQIDAQABAoIBABDMjAZNvMPWReTB\ny3YVt9d06U1xBc28n+tagUDJpiHD8SHdz4vwLe7IKkEzbzhdg3cxZruyegKTBGir\nX8IsaWA1fV67/vh692TurhfN+sFqEGAi8I/W9c1stzJTCgaakxS5/n5jJnw+1yk1\nFxAWF1ERs0BxozovZy/6hGE4zo2PSl2z3VlOsc6o7VV8mD3RztNn89/b6QtsegV9\nq0neiy8Hdj8TapzxXgVIp5kn04aCfM5joGAm5P3qoUyfRMwYDTRyuK/zZ5twQWQm\nlnliwmUZYRJDeWFo3hQZcH6268Ubpr2I0EbdvkqNYKZiahxxEYNG8H/c46aoqsqr\nti0AoAECgYEAwKttGjvwMXNcdvb7T1Su0y4rp6+9xQ6rdpT3vEHmYSfJ8i0ZBLgY\nt+mVx+NV0YFAa+pefbSKcglUPujwg0RW/Zz8iFgg3LWyiUGftpb4zG45To3pZ4IE\nm6qgf8IMFC4Mugp92cIMvvn1O9qg8p97uQk+CjibPH6hFZy3Er17h10CgYEA7Q0B\nlEq6Btsx2Ya0aAn91D19N1CnLH75Ibj8iigCvrfB9gD+IkPGhc5kXN7xWSqu4AYx\naSNsAmlou5yPFE2GIqkhxtHj9cRS5BEPZwiNFbAAxAPKA38h/77YHw4Yff2nXR1G\nSGSbVcOXCfH21hoOdqBCuaq88iaygX/HbxWfCAECgYEAmyUvbLGZP+i6K13EjmQN\nhyYlpxkAAf9HGOzp9GFIhzGID4g7Hi60UNw6bURlpZej7YJDZowL87oJacMfcUSF\nnCFexNfaVn/FbXs3hctaOxwC73uc2Gm9FjC2n0n9ef5+5wxtvPziUKJs1C6/7b94\n3E5R898TOgpp4kJYtTF5mE0CgYEAsk9TPcnMDrY41Chocc36OfkaxE4NwgGswroU\ndJPOJMmyw6pRf1K99Q6gHd+xaeIacvcVmcGEUHgbyOvmEF6UJGRWvOhK8iaAN3/B\ntz4Oah7fJJK5FVI/L9HNXebLc5Imn3sS0AeldKjQZzGz+67T7FV2e5S71eZX5eNJ\nD/0SiAECgYEAo6ZPFIFIiLt0TKehtS8ZoQ96shKfvgFekswSQLun+AVmm7Da9xbb\nQMJ4up/JK2JVIezog+h6E7xhZXUE8t2v+K9KJ/CzRhm3EbmvF7+UBevOJVUTCltd\nJekN1l/mSYh0kBClrqZOFp87VScFMSWR5GmuGsdY8pJi4DiSX/J7xyE=\n-----END RSA PRIVATE KEY-----\n",
            "content_base64": null,
            "directory_permission": "0777",
            "file_permission": "0700",
            "filename": "./keys/generated-access-key-rodent.pem",
            "id": "2ac0522f1434950cd744a84692f0a4ac441d4c9f",
            "sensitive_content": null
          },
          "private": "bnVsbA==",
          "dependencies": [
            "random_pet.random",
            "tls_private_key.generated"
          ]
        }
      ]
    },
    {
      "mode": "managed",
      "type": "local_file",
      "name": "public_key_openssh",
      "provider": "provider.local",
      "instances": [
        {
          "schema_version": 0,
          "attributes": {
            "content": "ssh-rsa AAAAB3NzaC1yc2EAAAADAQABAAABAQCyaH3mGpgloL2gUvpPyCi0EshNF2hIHhp3U528Vb6t5890kZX0nzYtThM48fRLCL8F992yTvldV0hLU5vWhc9Stth5hduYs4oDp1lWAAXy14tFdTjoSufp3mxmeeVE7jCsdB+1umzpsebcykn5U9CsSQaaHBzdoreVifNLgmBCSsVdwdGLxPDNchA1FfbGbcpb+CjLXk1Un6Kh/RoheNQa5VvRu3V8uL35TTC9cSK4dqxYIAI2zqLHRIRXzmNlwnbKHls49P+QSugCU/WBtJXnyjzeTbmcz3f7pF6aBeSEtHUgCBOzfy8YYow60cy+JumGwgLFKPPtO2xwGyVNeW9d\n",
            "content_base64": null,
            "directory_permission": "0777",
            "file_permission": "0700",
            "filename": "./keys/generated-access-key-rodent.pub",
            "id": "1362e588b94b4829bd4673cf7e7715617e6edf18",
            "sensitive_content": null
          },
          "private": "bnVsbA==",
          "dependencies": [
            "random_pet.random",
            "tls_private_key.generated"
          ]
        }
      ]
    },
    {
      "mode": "managed",
      "type": "random_pet",
      "name": "random",
      "provider": "provider.random",
      "instances": [
        {
          "schema_version": 0,
          "attributes": {
            "id": "rodent",
            "keepers": null,
            "length": 1,
            "prefix": null,
            "separator": "-"
          },
          "private": "bnVsbA=="
        }
      ]
    },
    {
      "mode": "managed",
      "type": "tls_private_key",
      "name": "generated",
      "provider": "provider.tls",
      "instances": [
        {
          "schema_version": 0,
          "attributes": {
            "algorithm": "RSA",
            "ecdsa_curve": "P224",
            "id": "90e33c9a6e8ef367261d30ad947c7cda1373824e",
            "private_key_pem": "-----BEGIN RSA PRIVATE KEY-----\nMIIEpQIBAAKCAQEAsmh95hqYJaC9oFL6T8gotBLITRdoSB4ad1OdvFW+refPdJGV\n9J82LU4TOPH0Swi/Bffdsk75XVdIS1Ob1oXPUrbYeYXbmLOKA6dZVgAF8teLRXU4\n6Ern6d5sZnnlRO4wrHQftbps6bHm3MpJ+VPQrEkGmhwc3aK3lYnzS4JgQkrFXcHR\ni8TwzXIQNRX2xm3KW/goy15NVJ+iof0aIXjUGuVb0bt1fLi9+U0wvXEiuHasWCAC\nNs6ix0SEV85jZcJ2yh5bOPT/kEroAlP1gbSV58o83k25nM93+6RemgXkhLR1IAgT\ns38vGGKMOtHMvibphsICxSjz7TtscBslTXlvXQIDAQABAoIBABDMjAZNvMPWReTB\ny3YVt9d06U1xBc28n+tagUDJpiHD8SHdz4vwLe7IKkEzbzhdg3cxZruyegKTBGir\nX8IsaWA1fV67/vh692TurhfN+sFqEGAi8I/W9c1stzJTCgaakxS5/n5jJnw+1yk1\nFxAWF1ERs0BxozovZy/6hGE4zo2PSl2z3VlOsc6o7VV8mD3RztNn89/b6QtsegV9\nq0neiy8Hdj8TapzxXgVIp5kn04aCfM5joGAm5P3qoUyfRMwYDTRyuK/zZ5twQWQm\nlnliwmUZYRJDeWFo3hQZcH6268Ubpr2I0EbdvkqNYKZiahxxEYNG8H/c46aoqsqr\nti0AoAECgYEAwKttGjvwMXNcdvb7T1Su0y4rp6+9xQ6rdpT3vEHmYSfJ8i0ZBLgY\nt+mVx+NV0YFAa+pefbSKcglUPujwg0RW/Zz8iFgg3LWyiUGftpb4zG45To3pZ4IE\nm6qgf8IMFC4Mugp92cIMvvn1O9qg8p97uQk+CjibPH6hFZy3Er17h10CgYEA7Q0B\nlEq6Btsx2Ya0aAn91D19N1CnLH75Ibj8iigCvrfB9gD+IkPGhc5kXN7xWSqu4AYx\naSNsAmlou5yPFE2GIqkhxtHj9cRS5BEPZwiNFbAAxAPKA38h/77YHw4Yff2nXR1G\nSGSbVcOXCfH21hoOdqBCuaq88iaygX/HbxWfCAECgYEAmyUvbLGZP+i6K13EjmQN\nhyYlpxkAAf9HGOzp9GFIhzGID4g7Hi60UNw6bURlpZej7YJDZowL87oJacMfcUSF\nnCFexNfaVn/FbXs3hctaOxwC73uc2Gm9FjC2n0n9ef5+5wxtvPziUKJs1C6/7b94\n3E5R898TOgpp4kJYtTF5mE0CgYEAsk9TPcnMDrY41Chocc36OfkaxE4NwgGswroU\ndJPOJMmyw6pRf1K99Q6gHd+xaeIacvcVmcGEUHgbyOvmEF6UJGRWvOhK8iaAN3/B\ntz4Oah7fJJK5FVI/L9HNXebLc5Imn3sS0AeldKjQZzGz+67T7FV2e5S71eZX5eNJ\nD/0SiAECgYEAo6ZPFIFIiLt0TKehtS8ZoQ96shKfvgFekswSQLun+AVmm7Da9xbb\nQMJ4up/JK2JVIezog+h6E7xhZXUE8t2v+K9KJ/CzRhm3EbmvF7+UBevOJVUTCltd\nJekN1l/mSYh0kBClrqZOFp87VScFMSWR5GmuGsdY8pJi4DiSX/J7xyE=\n-----END RSA PRIVATE KEY-----\n",
            "public_key_fingerprint_md5": "06:52:6d:3a:70:be:0a:30:dd:7d:f7:93:69:ab:fc:0d",
            "public_key_openssh": "ssh-rsa AAAAB3NzaC1yc2EAAAADAQABAAABAQCyaH3mGpgloL2gUvpPyCi0EshNF2hIHhp3U528Vb6t5890kZX0nzYtThM48fRLCL8F992yTvldV0hLU5vWhc9Stth5hduYs4oDp1lWAAXy14tFdTjoSufp3mxmeeVE7jCsdB+1umzpsebcykn5U9CsSQaaHBzdoreVifNLgmBCSsVdwdGLxPDNchA1FfbGbcpb+CjLXk1Un6Kh/RoheNQa5VvRu3V8uL35TTC9cSK4dqxYIAI2zqLHRIRXzmNlwnbKHls49P+QSugCU/WBtJXnyjzeTbmcz3f7pF6aBeSEtHUgCBOzfy8YYow60cy+JumGwgLFKPPtO2xwGyVNeW9d\n",
            "public_key_pem": "-----BEGIN PUBLIC KEY-----\nMIIBIjANBgkqhkiG9w0BAQEFAAOCAQ8AMIIBCgKCAQEAsmh95hqYJaC9oFL6T8go\ntBLITRdoSB4ad1OdvFW+refPdJGV9J82LU4TOPH0Swi/Bffdsk75XVdIS1Ob1oXP\nUrbYeYXbmLOKA6dZVgAF8teLRXU46Ern6d5sZnnlRO4wrHQftbps6bHm3MpJ+VPQ\nrEkGmhwc3aK3lYnzS4JgQkrFXcHRi8TwzXIQNRX2xm3KW/goy15NVJ+iof0aIXjU\nGuVb0bt1fLi9+U0wvXEiuHasWCACNs6ix0SEV85jZcJ2yh5bOPT/kEroAlP1gbSV\n58o83k25nM93+6RemgXkhLR1IAgTs38vGGKMOtHMvibphsICxSjz7TtscBslTXlv\nXQIDAQAB\n-----END PUBLIC KEY-----\n",
            "rsa_bits": 2048
          },
          "private": "bnVsbA=="
        }
      ]
    },
    {
      "mode": "managed",
      "type": "vsphere_folder",
      "name": "folder",
      "provider": "provider.vsphere",
      "instances": [
        {
          "schema_version": 1,
          "attributes": {
            "custom_attributes": {},
            "datacenter_id": "datacenter-21",
            "id": "group-v1039",
            "path": "psoenable",
            "tags": [],
            "type": "vm"
          },
          "private": "eyJzY2hlbWFfdmVyc2lvbiI6IjEifQ=="
        }
      ]
    },
    {
      "mode": "managed",
      "type": "vsphere_tag",
      "name": "controller_lab_group",
      "provider": "provider.vsphere",
      "instances": [
        {
          "schema_version": 0,
          "attributes": {
            "category_id": "urn:vmomi:InventoryServiceCategory:443a5fb7-34d0-4de0-bff4-ad4eb837f101:GLOBAL",
            "description": "",
            "id": "urn:vmomi:InventoryServiceTag:5c2dc6fb-b1b6-4f73-9c0b-bebe665e22bc:GLOBAL",
            "name": "controllers"
          },
          "private": "bnVsbA==",
          "dependencies": [
            "vsphere_tag_category.lab_group"
          ]
        }
      ]
    },
    {
      "mode": "managed",
      "type": "vsphere_tag",
      "name": "controller_lab_name",
      "each": "list",
      "provider": "provider.vsphere",
      "instances": [
        {
          "index_key": 0,
          "schema_version": 0,
          "attributes": {
            "category_id": "urn:vmomi:InventoryServiceCategory:8e0dcbe0-be88-4c71-8a5a-95dc7ea4b09e:GLOBAL",
            "description": "",
            "id": "urn:vmomi:InventoryServiceTag:b0144054-a963-4d63-a098-e4773e224d43:GLOBAL",
            "name": "controller.pod1.lab"
          },
          "private": "bnVsbA==",
          "dependencies": [
            "vsphere_tag_category.lab_name"
          ]
        }
      ]
    },
    {
      "mode": "managed",
      "type": "vsphere_tag",
      "name": "controller_name",
      "each": "list",
      "provider": "provider.vsphere",
      "instances": [
        {
          "index_key": 0,
          "schema_version": 0,
          "attributes": {
            "category_id": "urn:vmomi:InventoryServiceCategory:81d2d338-9af9-432a-8cef-85c05b9329a6:GLOBAL",
            "description": "",
            "id": "urn:vmomi:InventoryServiceTag:071799be-ff31-40c0-a38f-dda9f97499e7:GLOBAL",
            "name": "controller.pod1.lab"
          },
          "private": "bnVsbA==",
          "dependencies": [
            "vsphere_tag_category.name"
          ]
        }
      ]
    },
    {
      "mode": "managed",
      "type": "vsphere_tag",
      "name": "jumpbox_lab_group",
      "provider": "provider.vsphere",
      "instances": [
        {
          "schema_version": 0,
          "attributes": {
            "category_id": "urn:vmomi:InventoryServiceCategory:443a5fb7-34d0-4de0-bff4-ad4eb837f101:GLOBAL",
            "description": "",
            "id": "urn:vmomi:InventoryServiceTag:6d09e279-f127-4381-a051-5ebf1c584e3a:GLOBAL",
            "name": "jumpbox"
          },
          "private": "bnVsbA==",
          "dependencies": [
            "vsphere_tag_category.lab_group"
          ]
        }
      ]
    },
    {
      "mode": "managed",
      "type": "vsphere_tag",
      "name": "jumpbox_lab_name",
      "provider": "provider.vsphere",
      "instances": [
        {
          "schema_version": 0,
          "attributes": {
            "category_id": "urn:vmomi:InventoryServiceCategory:8e0dcbe0-be88-4c71-8a5a-95dc7ea4b09e:GLOBAL",
            "description": "",
            "id": "urn:vmomi:InventoryServiceTag:8ba87045-fae3-4d15-a7ca-5fe732b8dbaf:GLOBAL",
            "name": "jumpbox.pod.lab"
          },
          "private": "bnVsbA==",
          "dependencies": [
            "vsphere_tag_category.lab_name"
          ]
        }
      ]
    },
    {
      "mode": "managed",
      "type": "vsphere_tag",
      "name": "jumpbox_name",
      "provider": "provider.vsphere",
      "instances": [
        {
          "schema_version": 0,
          "attributes": {
            "category_id": "urn:vmomi:InventoryServiceCategory:81d2d338-9af9-432a-8cef-85c05b9329a6:GLOBAL",
            "description": "",
            "id": "urn:vmomi:InventoryServiceTag:2deac689-6c3d-402e-826e-d2c5435837f3:GLOBAL",
            "name": "jumpbox.pod.lab"
          },
          "private": "bnVsbA==",
          "dependencies": [
            "vsphere_tag_category.name"
          ]
        }
      ]
    },
    {
      "mode": "managed",
      "type": "vsphere_tag",
      "name": "lab_avi_admin_password",
      "provider": "provider.vsphere",
      "instances": [
        {
          "schema_version": 0,
          "attributes": {
            "category_id": "urn:vmomi:InventoryServiceCategory:65aeb1eb-f039-432d-8334-64dc4f7cd7cb:GLOBAL",
            "description": "",
            "id": "urn:vmomi:InventoryServiceTag:418c5de4-ec6c-4965-aa47-419a4a1bd651:GLOBAL",
            "name": "AviNetworks123!"
          },
          "private": "bnVsbA==",
          "dependencies": [
            "vsphere_tag_category.lab_avi_admin_password"
          ]
        }
      ]
    },
    {
      "mode": "managed",
      "type": "vsphere_tag",
      "name": "lab_avi_backup_admin_password",
      "provider": "provider.vsphere",
      "instances": [
        {
          "schema_version": 0,
          "attributes": {
            "category_id": "urn:vmomi:InventoryServiceCategory:7d0aa3ea-763d-4ed1-bbf1-91d419c9f9f1:GLOBAL",
            "description": "",
            "id": "urn:vmomi:InventoryServiceTag:fec272fe-63cf-4f33-bf49-aaf3abd70513:GLOBAL",
            "name": "AviNetworks123!"
          },
          "private": "bnVsbA==",
          "dependencies": [
            "vsphere_tag_category.lab_avi_backup_admin_password"
          ]
        }
      ]
    },
    {
      "mode": "managed",
      "type": "vsphere_tag",
      "name": "lab_avi_backup_admin_username",
      "provider": "provider.vsphere",
      "instances": [
        {
          "schema_version": 0,
          "attributes": {
            "category_id": "urn:vmomi:InventoryServiceCategory:28f8106d-941e-4f13-9a77-9119e2a05179:GLOBAL",
            "description": "",
            "id": "urn:vmomi:InventoryServiceTag:41556e67-436d-435c-9220-2ce3b8c5f8e6:GLOBAL",
            "name": "aviadmin"
          },
          "private": "bnVsbA==",
          "dependencies": [
            "vsphere_tag_category.lab_avi_backup_admin_username"
          ]
        }
      ]
    },
    {
      "mode": "managed",
      "type": "vsphere_tag",
      "name": "lab_avi_default_password",
      "provider": "provider.vsphere",
      "instances": [
        {
          "schema_version": 0,
          "attributes": {
            "category_id": "urn:vmomi:InventoryServiceCategory:b016ad92-a73a-4ca9-88c2-003490735e7a:GLOBAL",
            "description": "",
            "id": "urn:vmomi:InventoryServiceTag:4de3e0ab-d4a5-4255-984e-594c0cd0ad8c:GLOBAL",
            "name": "58NFaGDJm(PJH0G"
          },
          "private": "bnVsbA==",
          "dependencies": [
            "vsphere_tag_category.lab_avi_default_password"
          ]
        }
      ]
    },
    {
      "mode": "managed",
      "type": "vsphere_tag",
      "name": "lab_id",
      "provider": "provider.vsphere",
      "instances": [
        {
          "schema_version": 0,
          "attributes": {
            "category_id": "urn:vmomi:InventoryServiceCategory:4047436d-802a-4081-b319-8bc6ed3bb1f1:GLOBAL",
            "description": "",
            "id": "urn:vmomi:InventoryServiceTag:5674a997-0dc6-44e4-9aae-9eec475bc6b6:GLOBAL",
            "name": "psoenable"
          },
          "private": "bnVsbA==",
          "dependencies": [
            "vsphere_tag_category.lab_id"
          ]
        }
      ]
    },
    {
      "mode": "managed",
      "type": "vsphere_tag",
      "name": "lab_timezone",
      "provider": "provider.vsphere",
      "instances": [
        {
          "schema_version": 0,
          "attributes": {
            "category_id": "urn:vmomi:InventoryServiceCategory:e8ea31e3-67c5-451a-97fb-4974df93e661:GLOBAL",
            "description": "",
            "id": "urn:vmomi:InventoryServiceTag:32a5e0a0-a00f-4f27-a0ca-71e645c34417:GLOBAL",
            "name": "EST"
          },
          "private": "bnVsbA==",
          "dependencies": [
            "vsphere_tag_category.lab_timezone"
          ]
        }
      ]
    },
    {
      "mode": "managed",
      "type": "vsphere_tag",
      "name": "owner",
      "provider": "provider.vsphere",
      "instances": [
        {
          "schema_version": 0,
          "attributes": {
            "category_id": "urn:vmomi:InventoryServiceCategory:beaf4cfd-7408-4220-941e-43efabd3e6c1:GLOBAL",
            "description": "",
            "id": "urn:vmomi:InventoryServiceTag:247d37d4-c6cf-4758-bbbb-88245694aba0:GLOBAL",
            "name": "aviVMware_Training"
          },
          "private": "bnVsbA==",
          "dependencies": [
            "vsphere_tag_category.owner"
          ]
        }
      ]
    },
    {
      "mode": "managed",
      "type": "vsphere_tag_category",
      "name": "lab_avi_admin_password",
      "provider": "provider.vsphere",
      "instances": [
        {
          "schema_version": 0,
          "attributes": {
            "associable_types": [
              "VirtualMachine"
            ],
            "cardinality": "SINGLE",
            "description": "",
            "id": "urn:vmomi:InventoryServiceCategory:65aeb1eb-f039-432d-8334-64dc4f7cd7cb:GLOBAL",
            "name": "Lab_avi_admin_password"
          },
          "private": "bnVsbA=="
        }
      ]
    },
    {
      "mode": "managed",
      "type": "vsphere_tag_category",
      "name": "lab_avi_backup_admin_password",
      "provider": "provider.vsphere",
      "instances": [
        {
          "schema_version": 0,
          "attributes": {
            "associable_types": [
              "VirtualMachine"
            ],
            "cardinality": "SINGLE",
            "description": "",
            "id": "urn:vmomi:InventoryServiceCategory:7d0aa3ea-763d-4ed1-bbf1-91d419c9f9f1:GLOBAL",
            "name": "Lab_avi_backup_admin_password"
          },
          "private": "bnVsbA=="
        }
      ]
    },
    {
      "mode": "managed",
      "type": "vsphere_tag_category",
      "name": "lab_avi_backup_admin_username",
      "provider": "provider.vsphere",
      "instances": [
        {
          "schema_version": 0,
          "attributes": {
            "associable_types": [
              "VirtualMachine"
            ],
            "cardinality": "SINGLE",
            "description": "",
            "id": "urn:vmomi:InventoryServiceCategory:28f8106d-941e-4f13-9a77-9119e2a05179:GLOBAL",
            "name": "Lab_avi_backup_admin_username"
          },
          "private": "bnVsbA=="
        }
      ]
    },
    {
      "mode": "managed",
      "type": "vsphere_tag_category",
      "name": "lab_avi_default_password",
      "provider": "provider.vsphere",
      "instances": [
        {
          "schema_version": 0,
          "attributes": {
            "associable_types": [
              "VirtualMachine"
            ],
            "cardinality": "SINGLE",
            "description": "",
            "id": "urn:vmomi:InventoryServiceCategory:b016ad92-a73a-4ca9-88c2-003490735e7a:GLOBAL",
            "name": "Lab_avi_default_password"
          },
          "private": "bnVsbA=="
        }
      ]
    },
    {
      "mode": "managed",
      "type": "vsphere_tag_category",
      "name": "lab_group",
      "provider": "provider.vsphere",
      "instances": [
        {
          "schema_version": 0,
          "attributes": {
            "associable_types": [
              "VirtualMachine"
            ],
            "cardinality": "SINGLE",
            "description": "",
            "id": "urn:vmomi:InventoryServiceCategory:443a5fb7-34d0-4de0-bff4-ad4eb837f101:GLOBAL",
            "name": "Lab_Group"
          },
          "private": "bnVsbA=="
        }
      ]
    },
    {
      "mode": "managed",
      "type": "vsphere_tag_category",
      "name": "lab_id",
      "provider": "provider.vsphere",
      "instances": [
        {
          "schema_version": 0,
          "attributes": {
            "associable_types": [
              "VirtualMachine"
            ],
            "cardinality": "SINGLE",
            "description": "",
            "id": "urn:vmomi:InventoryServiceCategory:4047436d-802a-4081-b319-8bc6ed3bb1f1:GLOBAL",
            "name": "Lab_Id"
          },
          "private": "bnVsbA=="
        }
      ]
    },
    {
      "mode": "managed",
      "type": "vsphere_tag_category",
      "name": "lab_name",
      "provider": "provider.vsphere",
      "instances": [
        {
          "schema_version": 0,
          "attributes": {
            "associable_types": [
              "VirtualMachine"
            ],
            "cardinality": "SINGLE",
            "description": "",
            "id": "urn:vmomi:InventoryServiceCategory:8e0dcbe0-be88-4c71-8a5a-95dc7ea4b09e:GLOBAL",
            "name": "Lab_Name"
          },
          "private": "bnVsbA=="
        }
      ]
    },
    {
      "mode": "managed",
      "type": "vsphere_tag_category",
      "name": "lab_timezone",
      "provider": "provider.vsphere",
      "instances": [
        {
          "schema_version": 0,
          "attributes": {
            "associable_types": [
              "VirtualMachine"
            ],
            "cardinality": "SINGLE",
            "description": "",
            "id": "urn:vmomi:InventoryServiceCategory:e8ea31e3-67c5-451a-97fb-4974df93e661:GLOBAL",
            "name": "Lab_Timezone"
          },
          "private": "bnVsbA=="
        }
      ]
    },
    {
      "mode": "managed",
      "type": "vsphere_tag_category",
      "name": "name",
      "provider": "provider.vsphere",
      "instances": [
        {
          "schema_version": 0,
          "attributes": {
            "associable_types": [
              "VirtualMachine"
            ],
            "cardinality": "SINGLE",
            "description": "",
            "id": "urn:vmomi:InventoryServiceCategory:81d2d338-9af9-432a-8cef-85c05b9329a6:GLOBAL",
            "name": "Name"
          },
          "private": "bnVsbA=="
        }
      ]
    },
    {
      "mode": "managed",
      "type": "vsphere_tag_category",
      "name": "owner",
      "provider": "provider.vsphere",
      "instances": [
        {
          "schema_version": 0,
          "attributes": {
            "associable_types": [
              "VirtualMachine"
            ],
            "cardinality": "SINGLE",
            "description": "",
            "id": "urn:vmomi:InventoryServiceCategory:beaf4cfd-7408-4220-941e-43efabd3e6c1:GLOBAL",
            "name": "Owner"
          },
          "private": "bnVsbA=="
        }
      ]
    },
    {
      "mode": "managed",
      "type": "vsphere_virtual_machine",
      "name": "controller",
      "each": "list",
      "provider": "provider.vsphere",
      "instances": [
        {
          "index_key": 0,
          "schema_version": 3,
          "attributes": {
            "alternate_guest_name": "",
            "annotation": "",
            "boot_delay": 0,
            "boot_retry_delay": 10000,
            "boot_retry_enabled": false,
            "cdrom": [],
            "change_version": "2020-04-08T02:10:42.840998Z",
            "clone": [
              {
                "customize": [],
                "linked_clone": false,
                "ovf_network_map": {},
                "ovf_storage_map": {},
                "template_uuid": "4201c394-18ab-7f9e-6333-12c500afe5f4",
                "timeout": 30
              }
            ],
            "cpu_hot_add_enabled": false,
            "cpu_hot_remove_enabled": false,
            "cpu_limit": -1,
            "cpu_performance_counters_enabled": false,
            "cpu_reservation": 0,
            "cpu_share_count": 8000,
            "cpu_share_level": "normal",
            "custom_attributes": {},
            "datastore_cluster_id": null,
            "datastore_id": "datastore-43",
            "default_ip_address": "10.206.42.71",
            "disk": [
              {
                "attach": false,
                "datastore_id": "datastore-43",
                "device_address": "scsi:0:0",
                "disk_mode": "persistent",
                "disk_sharing": "sharingNone",
                "eagerly_scrub": false,
                "io_limit": -1,
                "io_reservation": 0,
                "io_share_count": 1000,
                "io_share_level": "normal",
                "keep_on_remove": false,
                "key": 2000,
                "label": "psoenable_controller.pod1.psoenable.lab_vmdk",
                "name": "",
                "path": "2c028d5e-2eeb-2bd3-1f75-b8599f2565a4/psoenable_controller.pod1.lab.vmdk",
                "size": 128,
                "storage_policy_id": "5da7e0fb-8f7a-4d8e-aeb8-c9b0c4f43e01",
                "thin_provisioned": false,
                "unit_number": 0,
                "uuid": "6000C296-2ffc-00ce-21d6-2dc3f6df2030",
                "write_through": false
              }
            ],
            "efi_secure_boot_enabled": false,
            "enable_disk_uuid": false,
            "enable_logging": false,
            "ept_rvi_mode": "automatic",
            "extra_config": {},
            "firmware": "bios",
            "folder": "psoenable",
            "force_power_off": true,
            "guest_id": "ubuntu64Guest",
            "guest_ip_addresses": [
              "10.206.42.71",
              "fe80::250:56ff:febb:f6c6"
            ],
            "host_system_id": "host-49",
            "hv_mode": "hvAuto",
            "id": "42019d7e-87d1-e0e9-94f1-d137d6ab5b64",
            "ignored_guest_ips": null,
            "imported": null,
            "latency_sensitivity": "normal",
            "memory": 24768,
            "memory_hot_add_enabled": false,
            "memory_limit": -1,
            "memory_reservation": 0,
            "memory_share_count": 247680,
            "memory_share_level": "normal",
            "migrate_wait_timeout": 30,
            "moid": "vm-1040",
            "name": "psoenable_controller.pod1.lab",
            "nested_hv_enabled": false,
            "network_interface": [
              {
                "adapter_type": "vmxnet3",
                "bandwidth_limit": -1,
                "bandwidth_reservation": 0,
                "bandwidth_share_count": 50,
                "bandwidth_share_level": "normal",
                "device_address": "pci:0:7",
                "key": 4000,
                "mac_address": "00:50:56:bb:f6:c6",
                "network_id": "dvportgroup-99",
                "ovf_mapping": "",
                "use_static_mac": false
              }
            ],
            "num_cores_per_socket": 1,
            "num_cpus": 8,
            "poweron_timeout": 300,
            "reboot_required": false,
            "resource_pool_id": "resgroup-40",
            "run_tools_scripts_after_power_on": true,
            "run_tools_scripts_after_resume": true,
            "run_tools_scripts_before_guest_reboot": false,
            "run_tools_scripts_before_guest_shutdown": true,
            "run_tools_scripts_before_guest_standby": true,
            "scsi_bus_sharing": "noSharing",
            "scsi_controller_count": 1,
            "scsi_type": "lsilogic",
            "shutdown_wait_timeout": 3,
            "storage_policy_id": "5da7e0fb-8f7a-4d8e-aeb8-c9b0c4f43e01",
            "swap_placement_policy": "inherit",
            "sync_time_with_host": false,
            "tags": [
              "urn:vmomi:InventoryServiceTag:071799be-ff31-40c0-a38f-dda9f97499e7:GLOBAL",
              "urn:vmomi:InventoryServiceTag:247d37d4-c6cf-4758-bbbb-88245694aba0:GLOBAL",
              "urn:vmomi:InventoryServiceTag:32a5e0a0-a00f-4f27-a0ca-71e645c34417:GLOBAL",
              "urn:vmomi:InventoryServiceTag:5674a997-0dc6-44e4-9aae-9eec475bc6b6:GLOBAL",
              "urn:vmomi:InventoryServiceTag:5c2dc6fb-b1b6-4f73-9c0b-bebe665e22bc:GLOBAL",
              "urn:vmomi:InventoryServiceTag:b0144054-a963-4d63-a098-e4773e224d43:GLOBAL"
            ],
            "uuid": "42019d7e-87d1-e0e9-94f1-d137d6ab5b64",
            "vapp": [
              {
                "properties": {
                  "sysadmin-public-key": "ssh-rsa AAAAB3NzaC1yc2EAAAADAQABAAABAQCyaH3mGpgloL2gUvpPyCi0EshNF2hIHhp3U528Vb6t5890kZX0nzYtThM48fRLCL8F992yTvldV0hLU5vWhc9Stth5hduYs4oDp1lWAAXy14tFdTjoSufp3mxmeeVE7jCsdB+1umzpsebcykn5U9CsSQaaHBzdoreVifNLgmBCSsVdwdGLxPDNchA1FfbGbcpb+CjLXk1Un6Kh/RoheNQa5VvRu3V8uL35TTC9cSK4dqxYIAI2zqLHRIRXzmNlwnbKHls49P+QSugCU/WBtJXnyjzeTbmcz3f7pF6aBeSEtHUgCBOzfy8YYow60cy+JumGwgLFKPPtO2xwGyVNeW9d"
                }
              }
            ],
            "vapp_transport": [
              "com.vmware.guestInfo"
            ],
            "vmware_tools_status": "guestToolsRunning",
            "vmx_path": "2c028d5e-2eeb-2bd3-1f75-b8599f2565a4/psoenable_controller.pod1.lab.vmx",
            "wait_for_guest_ip_timeout": 0,
            "wait_for_guest_net_routable": true,
            "wait_for_guest_net_timeout": 5
          },
          "private": "eyJzY2hlbWFfdmVyc2lvbiI6IjMifQ==",
          "dependencies": [
            "tls_private_key.generated",
            "vsphere_folder.folder",
            "vsphere_tag.controller_lab_group",
            "vsphere_tag.controller_lab_name",
            "vsphere_tag.controller_name",
            "vsphere_tag.lab_id",
            "vsphere_tag.lab_timezone",
            "vsphere_tag.owner"
          ]
        }
      ]
    },
    {
      "mode": "managed",
      "type": "vsphere_virtual_machine",
      "name": "jumpbox",
      "provider": "provider.vsphere",
      "instances": [
        {
          "status": "tainted",
          "schema_version": 3,
          "attributes": {
            "alternate_guest_name": "",
            "annotation": "",
            "boot_delay": 0,
            "boot_retry_delay": 10000,
            "boot_retry_enabled": false,
            "cdrom": [
              {
                "client_device": true,
                "datastore_id": "",
                "device_address": "ide:1:0",
                "key": 3002,
                "path": ""
              }
            ],
            "change_version": "2020-04-08T02:10:06.367901Z",
            "clone": [
              {
                "customize": [],
                "linked_clone": false,
                "ovf_network_map": null,
                "ovf_storage_map": null,
                "template_uuid": "420140b8-ec5d-b0ab-c5a5-3a7cd95d9f04",
                "timeout": 30
              }
            ],
            "cpu_hot_add_enabled": false,
            "cpu_hot_remove_enabled": false,
            "cpu_limit": -1,
            "cpu_performance_counters_enabled": false,
            "cpu_reservation": 0,
            "cpu_share_count": 2000,
            "cpu_share_level": "normal",
            "custom_attributes": null,
            "datastore_cluster_id": null,
            "datastore_id": "datastore-43",
            "default_ip_address": "10.206.43.139",
            "disk": [
              {
                "attach": false,
                "datastore_id": "datastore-43",
                "device_address": "scsi:0:0",
                "disk_mode": "persistent",
                "disk_sharing": "sharingNone",
                "eagerly_scrub": false,
                "io_limit": -1,
                "io_reservation": 0,
                "io_share_count": 1000,
                "io_share_level": "normal",
                "keep_on_remove": false,
                "key": 2000,
                "label": "psoenable_jumpbox.pod.lab_vmdk",
                "name": "",
                "path": "4c328d5e-e0ba-97ba-bf53-b8599f254098/psoenable_jumpbox.pod.lab.vmdk",
                "size": 10,
                "storage_policy_id": "5da7e0fb-8f7a-4d8e-aeb8-c9b0c4f43e01",
                "thin_provisioned": false,
                "unit_number": 0,
                "uuid": "6000C293-28ef-9c76-9be7-de02762817d2",
                "write_through": false
              }
            ],
            "efi_secure_boot_enabled": false,
            "enable_disk_uuid": false,
            "enable_logging": false,
            "ept_rvi_mode": "automatic",
            "extra_config": null,
            "firmware": "bios",
            "folder": "psoenable",
            "force_power_off": true,
            "guest_id": "ubuntu64Guest",
            "guest_ip_addresses": [
              "10.206.43.139",
              "fe80::250:56ff:febb:9f3b"
            ],
            "host_system_id": "host-56",
            "hv_mode": "hvAuto",
            "id": "42015e77-3c72-beb6-f336-8fbeedd79c6f",
            "ignored_guest_ips": null,
            "imported": null,
            "latency_sensitivity": "normal",
            "memory": 4096,
            "memory_hot_add_enabled": false,
            "memory_limit": -1,
            "memory_reservation": 0,
            "memory_share_count": 40960,
            "memory_share_level": "normal",
            "migrate_wait_timeout": 30,
            "moid": "vm-1046",
            "name": "psoenable_jumpbox.pod.lab",
            "nested_hv_enabled": false,
            "network_interface": [
              {
                "adapter_type": "vmxnet3",
                "bandwidth_limit": -1,
                "bandwidth_reservation": 0,
                "bandwidth_share_count": 50,
                "bandwidth_share_level": "normal",
                "device_address": "pci:0:7",
                "key": 4000,
                "mac_address": "00:50:56:bb:9f:3b",
                "network_id": "dvportgroup-99",
                "ovf_mapping": "",
                "use_static_mac": false
              }
            ],
            "num_cores_per_socket": 1,
            "num_cpus": 2,
            "poweron_timeout": 300,
            "reboot_required": false,
            "resource_pool_id": "resgroup-40",
            "run_tools_scripts_after_power_on": true,
            "run_tools_scripts_after_resume": true,
            "run_tools_scripts_before_guest_reboot": false,
            "run_tools_scripts_before_guest_shutdown": true,
            "run_tools_scripts_before_guest_standby": true,
            "scsi_bus_sharing": "noSharing",
            "scsi_controller_count": 1,
            "scsi_type": "pvscsi",
            "shutdown_wait_timeout": 3,
            "storage_policy_id": "5da7e0fb-8f7a-4d8e-aeb8-c9b0c4f43e01",
            "swap_placement_policy": "inherit",
            "sync_time_with_host": false,
            "tags": [
              "urn:vmomi:InventoryServiceTag:247d37d4-c6cf-4758-bbbb-88245694aba0:GLOBAL",
              "urn:vmomi:InventoryServiceTag:2deac689-6c3d-402e-826e-d2c5435837f3:GLOBAL",
              "urn:vmomi:InventoryServiceTag:32a5e0a0-a00f-4f27-a0ca-71e645c34417:GLOBAL",
              "urn:vmomi:InventoryServiceTag:41556e67-436d-435c-9220-2ce3b8c5f8e6:GLOBAL",
              "urn:vmomi:InventoryServiceTag:418c5de4-ec6c-4965-aa47-419a4a1bd651:GLOBAL",
              "urn:vmomi:InventoryServiceTag:4de3e0ab-d4a5-4255-984e-594c0cd0ad8c:GLOBAL",
              "urn:vmomi:InventoryServiceTag:5674a997-0dc6-44e4-9aae-9eec475bc6b6:GLOBAL",
              "urn:vmomi:InventoryServiceTag:6d09e279-f127-4381-a051-5ebf1c584e3a:GLOBAL",
              "urn:vmomi:InventoryServiceTag:8ba87045-fae3-4d15-a7ca-5fe732b8dbaf:GLOBAL",
              "urn:vmomi:InventoryServiceTag:fec272fe-63cf-4f33-bf49-aaf3abd70513:GLOBAL"
            ],
            "uuid": "42015e77-3c72-beb6-f336-8fbeedd79c6f",
            "vapp": [
              {
                "properties": {
                  "hostname": "jumpbox",
                  "password": "AviNetworks123!",
                  "public-keys": "ssh-rsa AAAAB3NzaC1yc2EAAAADAQABAAABAQCyaH3mGpgloL2gUvpPyCi0EshNF2hIHhp3U528Vb6t5890kZX0nzYtThM48fRLCL8F992yTvldV0hLU5vWhc9Stth5hduYs4oDp1lWAAXy14tFdTjoSufp3mxmeeVE7jCsdB+1umzpsebcykn5U9CsSQaaHBzdoreVifNLgmBCSsVdwdGLxPDNchA1FfbGbcpb+CjLXk1Un6Kh/RoheNQa5VvRu3V8uL35TTC9cSK4dqxYIAI2zqLHRIRXzmNlwnbKHls49P+QSugCU/WBtJXnyjzeTbmcz3f7pF6aBeSEtHUgCBOzfy8YYow60cy+JumGwgLFKPPtO2xwGyVNeW9d",
                  "user-data": "I2Nsb3VkLWNvbmZpZwp1c2VyczoKICAtIGRlZmF1bHQKICAtIG5hbWU6IGF2aWFkbWluCiAgICBsb2NrX3Bhc3N3ZDogdHJ1ZQogICAgc2hlbGw6IC9iaW4vYmFzaAogICAgc3VkbzogIEFMTD0oQUxMKSBOT1BBU1NXRDpBTEwKICAgIGNocGFzc3dkOiB7ZXhwaXJlOiBGYWxzZX0KICAgIHNzaF9hdXRob3JpemVkX2tleXM6CiAgICAgIC0gc3NoLXJzYSBBQUFBQjNOemFDMXljMkVBQUFBREFRQUJBQUFCQVFDeWFIM21HcGdsb0wyZ1V2cFB5Q2kwRXNoTkYyaElIaHAzVTUyOFZiNnQ1ODkwa1pYMG56WXRUaE00OGZSTENMOEY5OTJ5VHZsZFYwaExVNXZXaGM5U3R0aDVoZHVZczRvRHAxbFdBQVh5MTR0RmRUam9TdWZwM214bWVlVkU3akNzZEIrMXVtenBzZWJjeWtuNVU5Q3NTUWFhSEJ6ZG9yZVZpZk5MZ21CQ1NzVmR3ZEdMeFBETmNoQTFGZmJHYmNwYitDakxYazFVbjZLaC9Sb2hlTlFhNVZ2UnUzVjh1TDM1VFRDOWNTSzRkcXhZSUFJMnpxTEhSSVJYem1ObHduYktIbHM0OVArUVN1Z0NVL1dCdEpYbnlqemVUYm1jejNmN3BGNmFCZVNFdEhVZ0NCT3pmeThZWW93NjBjeStKdW1Hd2dMRktQUHRPMnh3R3lWTmVXOWQKCgpjaHBhc3N3ZDoKICBsaXN0OiB8CiAgICB1YnVudHU6ICRwYXNzd29yZAogICAgYXZpYWRtaW46ICRwYXNzd29yZAogIGV4cGlyZTogRmFsc2UKCnBhY2thZ2VzOgogIC0gbGFuZ3VhZ2UtcGFjay1lbgoKd3JpdGVfZmlsZXM6CiAgLSBjb250ZW50OiB8CiAgICAgICMhL2Jpbi9zaAogICAgICBob3N0X25hbWU9YGVjaG8ganVtcGJveC5wb2QubGFiIHwgY3V0IC1kLiAtZjFgCiAgICAgIGRvbWFpbl9uYW1lPWBlY2hvIGp1bXBib3gucG9kLmxhYiB8IGN1dCAtZC4gLWYyLDNgCiAgICAgIGhvc3RuYW1lY3RsIHNldC1ob3N0bmFtZSAtLXN0YXRpYyBqdW1wYm94LnBvZC5sYWIKICAgICAgZWNobyAncHJlc2VydmVfaG9zdG5hbWU6IHRydWUnID4+IC9ldGMvY2xvdWQvY2xvdWQuY2ZnCiAgICAgIGludGVyZmFjZT1gaXAgcm91dGUgc2hvdyB8IGdyZXAgZGVmYXVsdCB8IGF3ayAne3ByaW50ICQ1fSdgCiAgICAgIGlwPWBpcCBhZGRyZXNzIHNob3cgZGV2ICRpbnRlcmZhY2UgfCBncmVwICdpbmV0ICcgfCBhd2sgJ3twcmludCAkMn0nIHwgY3V0IC1kLyAtZjFgCiAgICAgIGVjaG8gIiRpcCBqdW1wYm94LnBvZC5sYWIiID4+IC9ldGMvaG9zdHMKICAgICAgdG91Y2ggL3RtcC9jbG91ZC1pbml0LmRvbmUKICAgIHBhdGg6IC9vcHQvYm9vdHN0cmFwLnNoCiAgICBwZXJtaXNzaW9uczogMDc1NQoKICAtIGNvbnRlbnQ6IHwKICAgICAgdWJ1bnR1IEFMTD0oQUxMKSBOT1BBU1NXRDpBTEwKICAgIHBhdGg6IC9ldGMvc3Vkb2Vycy5kL3VidW50dQoKcnVuY21kOgogIC0gL29wdC9ib290c3RyYXAuc2gK"
                }
              }
            ],
            "vapp_transport": [
              "iso"
            ],
            "vmware_tools_status": "guestToolsRunning",
            "vmx_path": "4c328d5e-e0ba-97ba-bf53-b8599f254098/psoenable_jumpbox.pod.lab.vmx",
            "wait_for_guest_ip_timeout": 0,
            "wait_for_guest_net_routable": true,
            "wait_for_guest_net_timeout": 5
          },
          "private": "eyJzY2hlbWFfdmVyc2lvbiI6IjMifQ==",
          "dependencies": [
            "random_pet.random",
            "tls_private_key.generated",
            "vsphere_folder.folder",
            "vsphere_tag.jumpbox_lab_group",
            "vsphere_tag.jumpbox_lab_name",
            "vsphere_tag.jumpbox_name",
            "vsphere_tag.lab_avi_admin_password",
            "vsphere_tag.lab_avi_backup_admin_password",
            "vsphere_tag.lab_avi_backup_admin_username",
            "vsphere_tag.lab_avi_default_password",
            "vsphere_tag.lab_id",
            "vsphere_tag.lab_timezone",
            "vsphere_tag.owner"
          ]
        }
      ]
    }
  ]
}
